
Microsoft Visual Studio Solution File, Format Version 12.00
# Visual Studio 15
VisualStudioVersion = 15.0.26228.9
MinimumVisualStudioVersion = 10.0.40219.1
Project("{2150E333-8FDC-42A3-9474-1A3956D46DE8}") = "Web", "Web", "{F97BA473-A071-4C36-AC2F-B0B8C638133E}"
EndProject
Project("{FAE04EC0-301F-11D3-BF4B-00C04F79EFBC}") = "CodeIt.Web", "CodeIt.Web\CodeIt.Web.csproj", "{1D6E60BF-C2D8-4971-B29E-0B57570438EF}"
EndProject
Project("{2150E333-8FDC-42A3-9474-1A3956D46DE8}") = "UnitTests", "UnitTests", "{50ED1A28-2051-4389-BBD9-64B568004A8B}"
EndProject
Project("{FAE04EC0-301F-11D3-BF4B-00C04F79EFBC}") = "CodeIt.UnitTests", "CodeIt.UnitTests\CodeIt.UnitTests.csproj", "{FEBB2753-C359-4F07-AA21-E1562652A5E0}"
EndProject
Project("{FAE04EC0-301F-11D3-BF4B-00C04F79EFBC}") = "CodeIt.Web.Auth", "CodeIt.Web.Auth\CodeIt.Web.Auth.csproj", "{6C412B2B-2E6C-400E-B415-1D2B02A78623}"
EndProject
Project("{2150E333-8FDC-42A3-9474-1A3956D46DE8}") = "Data", "Data", "{F7ED54A1-D13F-4AED-8CE6-CC0BEF7D4055}"
EndProject
Project("{FAE04EC0-301F-11D3-BF4B-00C04F79EFBC}") = "CodeIt.Data.Models", "CodeIt.Data.Models\CodeIt.Data.Models.csproj", "{9736BCE1-4E36-4AB5-BB35-066F8FAD2061}"
EndProject
Project("{FAE04EC0-301F-11D3-BF4B-00C04F79EFBC}") = "CodeIt.Data", "CodeIt.Data\CodeIt.Data.csproj", "{1FAAB3E6-1B71-4F4A-94C9-E0D03F286F6D}"
EndProject
Project("{FAE04EC0-301F-11D3-BF4B-00C04F79EFBC}") = "CodeIt.Web.Infrastructure", "CodeIt.Web.Infrastructure\CodeIt.Web.Infrastructure.csproj", "{EA2CEBFB-DE91-4192-876E-C172A667ED51}"
EndProject
Global
	GlobalSection(SolutionConfigurationPlatforms) = preSolution
		Debug|Any CPU = Debug|Any CPU
		Release|Any CPU = Release|Any CPU
	EndGlobalSection
	GlobalSection(ProjectConfigurationPlatforms) = postSolution
		{1D6E60BF-C2D8-4971-B29E-0B57570438EF}.Debug|Any CPU.ActiveCfg = Debug|Any CPU
		{1D6E60BF-C2D8-4971-B29E-0B57570438EF}.Debug|Any CPU.Build.0 = Debug|Any CPU
		{1D6E60BF-C2D8-4971-B29E-0B57570438EF}.Release|Any CPU.ActiveCfg = Release|Any CPU
		{1D6E60BF-C2D8-4971-B29E-0B57570438EF}.Release|Any CPU.Build.0 = Release|Any CPU
		{FEBB2753-C359-4F07-AA21-E1562652A5E0}.Debug|Any CPU.ActiveCfg = Debug|Any CPU
		{FEBB2753-C359-4F07-AA21-E1562652A5E0}.Debug|Any CPU.Build.0 = Debug|Any CPU
		{FEBB2753-C359-4F07-AA21-E1562652A5E0}.Release|Any CPU.ActiveCfg = Release|Any CPU
		{FEBB2753-C359-4F07-AA21-E1562652A5E0}.Release|Any CPU.Build.0 = Release|Any CPU
		{6C412B2B-2E6C-400E-B415-1D2B02A78623}.Debug|Any CPU.ActiveCfg = Debug|Any CPU
		{6C412B2B-2E6C-400E-B415-1D2B02A78623}.Debug|Any CPU.Build.0 = Debug|Any CPU
		{6C412B2B-2E6C-400E-B415-1D2B02A78623}.Release|Any CPU.ActiveCfg = Release|Any CPU
		{6C412B2B-2E6C-400E-B415-1D2B02A78623}.Release|Any CPU.Build.0 = Release|Any CPU
		{9736BCE1-4E36-4AB5-BB35-066F8FAD2061}.Debug|Any CPU.ActiveCfg = Debug|Any CPU
		{9736BCE1-4E36-4AB5-BB35-066F8FAD2061}.Debug|Any CPU.Build.0 = Debug|Any CPU
		{9736BCE1-4E36-4AB5-BB35-066F8FAD2061}.Release|Any CPU.ActiveCfg = Release|Any CPU
		{9736BCE1-4E36-4AB5-BB35-066F8FAD2061}.Release|Any CPU.Build.0 = Release|Any CPU
		{1FAAB3E6-1B71-4F4A-94C9-E0D03F286F6D}.Debug|Any CPU.ActiveCfg = Debug|Any CPU
		{1FAAB3E6-1B71-4F4A-94C9-E0D03F286F6D}.Debug|Any CPU.Build.0 = Debug|Any CPU
		{1FAAB3E6-1B71-4F4A-94C9-E0D03F286F6D}.Release|Any CPU.ActiveCfg = Release|Any CPU
		{1FAAB3E6-1B71-4F4A-94C9-E0D03F286F6D}.Release|Any CPU.Build.0 = Release|Any CPU
		{EA2CEBFB-DE91-4192-876E-C172A667ED51}.Debug|Any CPU.ActiveCfg = Debug|Any CPU
		{EA2CEBFB-DE91-4192-876E-C172A667ED51}.Debug|Any CPU.Build.0 = Debug|Any CPU
		{EA2CEBFB-DE91-4192-876E-C172A667ED51}.Release|Any CPU.ActiveCfg = Release|Any CPU
		{EA2CEBFB-DE91-4192-876E-C172A667ED51}.Release|Any CPU.Build.0 = Release|Any CPU
	EndGlobalSection
	GlobalSection(SolutionProperties) = preSolution
		HideSolutionNode = FALSE
	EndGlobalSection
	GlobalSection(NestedProjects) = preSolution
		{1D6E60BF-C2D8-4971-B29E-0B57570438EF} = {F97BA473-A071-4C36-AC2F-B0B8C638133E}
		{FEBB2753-C359-4F07-AA21-E1562652A5E0} = {50ED1A28-2051-4389-BBD9-64B568004A8B}
		{6C412B2B-2E6C-400E-B415-1D2B02A78623} = {F97BA473-A071-4C36-AC2F-B0B8C638133E}
		{9736BCE1-4E36-4AB5-BB35-066F8FAD2061} = {F7ED54A1-D13F-4AED-8CE6-CC0BEF7D4055}
		{1FAAB3E6-1B71-4F4A-94C9-E0D03F286F6D} = {F7ED54A1-D13F-4AED-8CE6-CC0BEF7D4055}
		{EA2CEBFB-DE91-4192-876E-C172A667ED51} = {F97BA473-A071-4C36-AC2F-B0B8C638133E}
	EndGlobalSection
EndGlobal
